
Microsoft Visual Studio Solution File, Format Version 12.00
# Visual Studio Version 16
VisualStudioVersion = 16.0.31624.102
MinimumVisualStudioVersion = 10.0.40219.1
Project("{FAE04EC0-301F-11D3-BF4B-00C04F79EFBC}") = "ConsoleApp1", "ConsoleApp1\ConsoleApp1.csproj", "{947E5354-D43D-4542-975E-7CFE756CFFE2}"
EndProject
Global
	GlobalSection(SolutionConfigurationPlatforms) = preSolution
		Debug|Any CPU = Debug|Any CPU
		Release|Any CPU = Release|Any CPU
	EndGlobalSection
	GlobalSection(ProjectConfigurationPlatforms) = postSolution
		{947E5354-D43D-4542-975E-7CFE756CFFE2}.Debug|Any CPU.ActiveCfg = Debug|Any CPU
		{947E5354-D43D-4542-975E-7CFE756CFFE2}.Debug|Any CPU.Build.0 = Debug|Any CPU
		{947E5354-D43D-4542-975E-7CFE756CFFE2}.Release|Any CPU.ActiveCfg = Release|Any CPU
		{947E5354-D43D-4542-975E-7CFE756CFFE2}.Release|Any CPU.Build.0 = Release|Any CPU
	EndGlobalSection
	GlobalSection(SolutionProperties) = preSolution
		HideSolutionNode = FALSE
	EndGlobalSection
	GlobalSection(ExtensibilityGlobals) = postSolution
		SolutionGuid = {8D361A63-599C-424F-A803-B621D52B4995}
	EndGlobalSection
EndGlobal
